
Microsoft Visual Studio Solution File, Format Version 12.00
# Visual Studio 15
VisualStudioVersion = 15.0.28010.2048
MinimumVisualStudioVersion = 10.0.40219.1
Project("{FAE04EC0-301F-11D3-BF4B-00C04F79EFBC}") = "ClinicsRate", "ClinicsRate\ClinicsRate.csproj", "{D83C8BB8-A74F-4D42-8FD3-F07304A18EE7}"
EndProject
Global
	GlobalSection(SolutionConfigurationPlatforms) = preSolution
		Debug|Any CPU = Debug|Any CPU
		Release|Any CPU = Release|Any CPU
	EndGlobalSection
	GlobalSection(ProjectConfigurationPlatforms) = postSolution
		{D83C8BB8-A74F-4D42-8FD3-F07304A18EE7}.Debug|Any CPU.ActiveCfg = Debug|Any CPU
		{D83C8BB8-A74F-4D42-8FD3-F07304A18EE7}.Debug|Any CPU.Build.0 = Debug|Any CPU
		{D83C8BB8-A74F-4D42-8FD3-F07304A18EE7}.Release|Any CPU.ActiveCfg = Release|Any CPU
		{D83C8BB8-A74F-4D42-8FD3-F07304A18EE7}.Release|Any CPU.Build.0 = Release|Any CPU
	EndGlobalSection
	GlobalSection(SolutionProperties) = preSolution
		HideSolutionNode = FALSE
	EndGlobalSection
	GlobalSection(ExtensibilityGlobals) = postSolution
		SolutionGuid = {DDE89372-A414-4483-B716-3AC076880123}
	EndGlobalSection
EndGlobal
